<?xml version="1.0" encoding="utf-8"?>
<Project ToolsVersion="4.0" xmlns="http://schemas.microsoft.com/developer/msbuild/2003">
  <ItemGroup>
    <Filter Include="Source Files">
      <UniqueIdentifier>{4FC737F1-C7A5-4376-A066-2A32D752A2FF}</UniqueIdentifier>
      <Extensions>cpp;c;cc;cxx;c++;cppm;ixx;def;odl;idl;hpj;bat;asm;asmx</Extensions>
    </Filter>
    <Filter Include="Header Files">
      <UniqueIdentifier>{93995380-89BD-4b04-88EB-625FBE52EBFB}</UniqueIdentifier>
      <Extensions>h;hh;hpp;hxx;h++;hm;inl;inc;ipp;xsd</Extensions>
    </Filter>
    <Filter Include="Resource Files">
      <UniqueIdentifier>{67DA6AB6-F800-4c08-8B7A-83BB121AAD01}</UniqueIdentifier>
      <Extensions>rc;ico;cur;bmp;dlg;rc2;rct;bin;rgs;gif;jpg;jpeg;jpe;resx;tiff;tif;png;wav;mfcribbon-ms</Extensions>
    </Filter>
    <Filter Include="Source Files\test">
      <UniqueIdentifier>{3bb690a5-29aa-414f-9297-951089231bc2}</UniqueIdentifier>
    </Filter>
  </ItemGroup>
  <ItemGroup>
    <ClCompile Include="test\hello.cpp">
      <Filter>Source Files\test</Filter>
    </ClCompile>
    <ClCompile Include="basic c++\6.11_function1.cpp">
      <Filter>Source Files</Filter>
    </ClCompile>
    <ClCompile Include="basic c++\6.12_function2_Declaration.cpp">
      <Filter>Source Files</Filter>
    </ClCompile>
    <ClCompile Include="basic c++\6.13_passByValue.cpp">
      <Filter>Source Files</Filter>
    </ClCompile>
    <ClCompile Include="basic c++\6.14_passByReference.cpp">
      <Filter>Source Files</Filter>
    </ClCompile>
    <ClCompile Include="basic c++\6.15_swap_function.cpp">
      <Filter>Source Files</Filter>
    </ClCompile>
    <ClCompile Include="basic c++\6.16_return_value.cpp">
      <Filter>Source Files</Filter>
    </ClCompile>
    <ClCompile Include="basic c++\6.17_variety_of_return_value.cpp">
      <Filter>Source Files</Filter>
    </ClCompile>
    <ClCompile Include="basic c++\6.26_Future_value_of_fixed_investment.cpp">
      <Filter>Source Files</Filter>
    </ClCompile>
    <ClCompile Include="basic c++\7.1_Circle_class.cpp">
      <Filter>Source Files</Filter>
    </ClCompile>
    <ClCompile Include="baekjoon_bystep\5597_Anyone not submitted.cpp">
      <Filter>Source Files</Filter>
    </ClCompile>
    <ClCompile Include="baekjoon_bystep\10988_Is palindrome.cpp">
      <Filter>Source Files</Filter>
    </ClCompile>
    <ClCompile Include="baekjoon_bystep\1157_mostUsedWord.cpp">
      <Filter>Source Files</Filter>
    </ClCompile>
    <ClCompile Include="baekjoon_bystep\2941_CroatiaAlphabet.cpp">
      <Filter>Source Files</Filter>
    </ClCompile>
    <ClCompile Include="baekjoon_bystep\1316_GroupWordChecker.cpp">
      <Filter>Source Files</Filter>
    </ClCompile>
    <ClCompile Include="baekjoon_bystep\25206_Score.cpp">
      <Filter>Source Files</Filter>
    </ClCompile>
    <ClCompile Include="baekjoon_bystep\2738_Matrix.cpp">
      <Filter>Source Files</Filter>
    </ClCompile>
    <ClCompile Include="baekjoon_bystep\2566_MaxValue.cpp">
      <Filter>Source Files</Filter>
    </ClCompile>
    <ClCompile Include="baekjoon_bystep\10798_Vertical.cpp">
      <Filter>Source Files</Filter>
    </ClCompile>
    <ClCompile Include="baekjoon_bystep\2563_ColorPaper.cpp">
      <Filter>Source Files</Filter>
    </ClCompile>
    <ClCompile Include="baekjoon_bystep\2745_ConvertRadix.cpp">
      <Filter>Source Files</Filter>
    </ClCompile>
    <ClCompile Include="baekjoon_bystep\11005_ConvertRadix2.cpp">
      <Filter>Source Files</Filter>
    </ClCompile>
    <ClCompile Include="baekjoon_bystep\2720_Donghyeok.cpp">
      <Filter>Source Files</Filter>
    </ClCompile>
    <ClCompile Include="baekjoon_bystep\2903_CenterMove.cpp">
      <Filter>Source Files</Filter>
    </ClCompile>
    <ClCompile Include="baekjoon_bystep\2292_Bee.cpp">
      <Filter>Source Files</Filter>
    </ClCompile>
    <ClCompile Include="baekjoon_bystep\1193_CrossBodyTechnique.cpp">
      <Filter>Source Files</Filter>
    </ClCompile>
    <ClCompile Include="baekjoon_bystep\2869_Snail.cpp">
      <Filter>Source Files</Filter>
    </ClCompile>
    <ClCompile Include="baekjoon_bystep\5086_MultipleAndFactor.cpp">
      <Filter>Source Files</Filter>
    </ClCompile>
    <ClCompile Include="baekjoon_bystep\2501_FindFactor.cpp">
      <Filter>Source Files</Filter>
    </ClCompile>
    <ClCompile Include="baekjoon_bystep\9506_PerfectNumber.cpp">
      <Filter>Source Files</Filter>
    </ClCompile>
    <ClCompile Include="DataStructures\Stack\1Stack.h">
      <Filter>Source Files</Filter>
    </ClCompile>
    <ClCompile Include="DataStructures\Stack\1ArrayStackTest.cpp">
      <Filter>Source Files</Filter>
    </ClCompile>
    <ClCompile Include="DataStructures\Stack\2StudentStack.cpp">
      <Filter>Source Files</Filter>
    </ClCompile>
    <ClCompile Include="DataStructures\Stack\10828_Stack.cpp">
      <Filter>Source Files</Filter>
    </ClCompile>
    <ClCompile Include="DataStructures\Stack\1874_StackSequence.cpp">
      <Filter>Source Files</Filter>
    </ClCompile>
  </ItemGroup>
  <ItemGroup>
    <ClInclude Include="DataStructures\Stack\2Student.h">
      <Filter>Header Files</Filter>
    </ClInclude>
    <ClInclude Include="DataStructures\Stack\2StudentStack.h">
      <Filter>Header Files</Filter>
    </ClInclude>
  </ItemGroup>
</Project>